// !$*UTF8*$!
{
	archiveVersion = 1;
	classes = {
	};
	objectVersion = 48;
	objects = {

/* Begin PBXBuildFile section */
		630D2A5220337112009BF841 /* AppDelegate.swift in Sources */ = {isa = PBXBuildFile; fileRef = 630D2A5120337112009BF841 /* AppDelegate.swift */; };
		630D2A5420337112009BF841 /* ViewController.swift in Sources */ = {isa = PBXBuildFile; fileRef = 630D2A5320337112009BF841 /* ViewController.swift */; };
		630D2A5720337112009BF841 /* Main.storyboard in Resources */ = {isa = PBXBuildFile; fileRef = 630D2A5520337112009BF841 /* Main.storyboard */; };
		630D2A5A20337112009BF841 /* Storybook_iOS.xcdatamodeld in Sources */ = {isa = PBXBuildFile; fileRef = 630D2A5820337112009BF841 /* Storybook_iOS.xcdatamodeld */; };
		630D2A5C20337112009BF841 /* Assets.xcassets in Resources */ = {isa = PBXBuildFile; fileRef = 630D2A5B20337112009BF841 /* Assets.xcassets */; };
		630D2A5F20337112009BF841 /* LaunchScreen.storyboard in Resources */ = {isa = PBXBuildFile; fileRef = 630D2A5D20337112009BF841 /* LaunchScreen.storyboard */; };
		630D2A6A20337112009BF841 /* Storybook_iOSTests.swift in Sources */ = {isa = PBXBuildFile; fileRef = 630D2A6920337112009BF841 /* Storybook_iOSTests.swift */; };
		630D2A7520337112009BF841 /* Storybook_iOSUITests.swift in Sources */ = {isa = PBXBuildFile; fileRef = 630D2A7420337112009BF841 /* Storybook_iOSUITests.swift */; };
		63199F23204F24C5006A1891 /* SettingsViewController.swift in Sources */ = {isa = PBXBuildFile; fileRef = 63199F22204F24C5006A1891 /* SettingsViewController.swift */; };
/* End PBXBuildFile section */

/* Begin PBXContainerItemProxy section */
		630D2A6620337112009BF841 /* PBXContainerItemProxy */ = {
			isa = PBXContainerItemProxy;
			containerPortal = 630D2A4620337112009BF841 /* Project object */;
			proxyType = 1;
			remoteGlobalIDString = 630D2A4D20337112009BF841;
			remoteInfo = "Storybook-iOS";
		};
		630D2A7120337112009BF841 /* PBXContainerItemProxy */ = {
			isa = PBXContainerItemProxy;
			containerPortal = 630D2A4620337112009BF841 /* Project object */;
			proxyType = 1;
			remoteGlobalIDString = 630D2A4D20337112009BF841;
			remoteInfo = "Storybook-iOS";
		};
/* End PBXContainerItemProxy section */

/* Begin PBXFileReference section */
		630D2A4E20337112009BF841 /* Storybook-iOS.app */ = {isa = PBXFileReference; explicitFileType = wrapper.application; includeInIndex = 0; path = "Storybook-iOS.app"; sourceTree = BUILT_PRODUCTS_DIR; };
		630D2A5120337112009BF841 /* AppDelegate.swift */ = {isa = PBXFileReference; lastKnownFileType = sourcecode.swift; path = AppDelegate.swift; sourceTree = "<group>"; };
		630D2A5320337112009BF841 /* ViewController.swift */ = {isa = PBXFileReference; lastKnownFileType = sourcecode.swift; path = ViewController.swift; sourceTree = "<group>"; };
		630D2A5620337112009BF841 /* Base */ = {isa = PBXFileReference; lastKnownFileType = file.storyboard; name = Base; path = Base.lproj/Main.storyboard; sourceTree = "<group>"; };
		630D2A5920337112009BF841 /* Storybook_iOS.xcdatamodel */ = {isa = PBXFileReference; lastKnownFileType = wrapper.xcdatamodel; path = Storybook_iOS.xcdatamodel; sourceTree = "<group>"; };
		630D2A5B20337112009BF841 /* Assets.xcassets */ = {isa = PBXFileReference; lastKnownFileType = folder.assetcatalog; path = Assets.xcassets; sourceTree = "<group>"; };
		630D2A5E20337112009BF841 /* Base */ = {isa = PBXFileReference; lastKnownFileType = file.storyboard; name = Base; path = Base.lproj/LaunchScreen.storyboard; sourceTree = "<group>"; };
		630D2A6020337112009BF841 /* Info.plist */ = {isa = PBXFileReference; lastKnownFileType = text.plist.xml; path = Info.plist; sourceTree = "<group>"; };
		630D2A6520337112009BF841 /* Storybook-iOSTests.xctest */ = {isa = PBXFileReference; explicitFileType = wrapper.cfbundle; includeInIndex = 0; path = "Storybook-iOSTests.xctest"; sourceTree = BUILT_PRODUCTS_DIR; };
		630D2A6920337112009BF841 /* Storybook_iOSTests.swift */ = {isa = PBXFileReference; lastKnownFileType = sourcecode.swift; path = Storybook_iOSTests.swift; sourceTree = "<group>"; };
		630D2A6B20337112009BF841 /* Info.plist */ = {isa = PBXFileReference; lastKnownFileType = text.plist.xml; path = Info.plist; sourceTree = "<group>"; };
		630D2A7020337112009BF841 /* Storybook-iOSUITests.xctest */ = {isa = PBXFileReference; explicitFileType = wrapper.cfbundle; includeInIndex = 0; path = "Storybook-iOSUITests.xctest"; sourceTree = BUILT_PRODUCTS_DIR; };
		630D2A7420337112009BF841 /* Storybook_iOSUITests.swift */ = {isa = PBXFileReference; lastKnownFileType = sourcecode.swift; path = Storybook_iOSUITests.swift; sourceTree = "<group>"; };
		630D2A7620337112009BF841 /* Info.plist */ = {isa = PBXFileReference; lastKnownFileType = text.plist.xml; path = Info.plist; sourceTree = "<group>"; };
		63199F22204F24C5006A1891 /* SettingsViewController.swift */ = {isa = PBXFileReference; lastKnownFileType = sourcecode.swift; path = SettingsViewController.swift; sourceTree = "<group>"; };
/* End PBXFileReference section */

/* Begin PBXFrameworksBuildPhase section */
		630D2A4B20337112009BF841 /* Frameworks */ = {
			isa = PBXFrameworksBuildPhase;
			buildActionMask = 2147483647;
			files = (
			);
			runOnlyForDeploymentPostprocessing = 0;
		};
		630D2A6220337112009BF841 /* Frameworks */ = {
			isa = PBXFrameworksBuildPhase;
			buildActionMask = 2147483647;
			files = (
			);
			runOnlyForDeploymentPostprocessing = 0;
		};
		630D2A6D20337112009BF841 /* Frameworks */ = {
			isa = PBXFrameworksBuildPhase;
			buildActionMask = 2147483647;
			files = (
			);
			runOnlyForDeploymentPostprocessing = 0;
		};
/* End PBXFrameworksBuildPhase section */

/* Begin PBXGroup section */
		630D2A4520337112009BF841 = {
			isa = PBXGroup;
			children = (
				630D2A5020337112009BF841 /* Storybook-iOS */,
				630D2A6820337112009BF841 /* Storybook-iOSTests */,
				630D2A7320337112009BF841 /* Storybook-iOSUITests */,
				630D2A4F20337112009BF841 /* Products */,
			);
			sourceTree = "<group>";
		};
		630D2A4F20337112009BF841 /* Products */ = {
			isa = PBXGroup;
			children = (
				630D2A4E20337112009BF841 /* Storybook-iOS.app */,
				630D2A6520337112009BF841 /* Storybook-iOSTests.xctest */,
				630D2A7020337112009BF841 /* Storybook-iOSUITests.xctest */,
			);
			name = Products;
			sourceTree = "<group>";
		};
		630D2A5020337112009BF841 /* Storybook-iOS */ = {
			isa = PBXGroup;
			children = (
				630D2A5120337112009BF841 /* AppDelegate.swift */,
				630D2A5320337112009BF841 /* ViewController.swift */,
				630D2A5520337112009BF841 /* Main.storyboard */,
				630D2A5B20337112009BF841 /* Assets.xcassets */,
				630D2A5D20337112009BF841 /* LaunchScreen.storyboard */,
				630D2A6020337112009BF841 /* Info.plist */,
				630D2A5820337112009BF841 /* Storybook_iOS.xcdatamodeld */,
				63199F22204F24C5006A1891 /* SettingsViewController.swift */,
			);
			path = "Storybook-iOS";
			sourceTree = "<group>";
		};
		630D2A6820337112009BF841 /* Storybook-iOSTests */ = {
			isa = PBXGroup;
			children = (
				630D2A6920337112009BF841 /* Storybook_iOSTests.swift */,
				630D2A6B20337112009BF841 /* Info.plist */,
			);
			path = "Storybook-iOSTests";
			sourceTree = "<group>";
		};
		630D2A7320337112009BF841 /* Storybook-iOSUITests */ = {
			isa = PBXGroup;
			children = (
				630D2A7420337112009BF841 /* Storybook_iOSUITests.swift */,
				630D2A7620337112009BF841 /* Info.plist */,
			);
			path = "Storybook-iOSUITests";
			sourceTree = "<group>";
		};
/* End PBXGroup section */

/* Begin PBXNativeTarget section */
		630D2A4D20337112009BF841 /* Storybook-iOS */ = {
			isa = PBXNativeTarget;
			buildConfigurationList = 630D2A7920337112009BF841 /* Build configuration list for PBXNativeTarget "Storybook-iOS" */;
			buildPhases = (
				630D2A4A20337112009BF841 /* Sources */,
				630D2A4B20337112009BF841 /* Frameworks */,
				630D2A4C20337112009BF841 /* Resources */,
			);
			buildRules = (
			);
			dependencies = (
			);
			name = "Storybook-iOS";
			productName = "Storybook-iOS";
			productReference = 630D2A4E20337112009BF841 /* Storybook-iOS.app */;
			productType = "com.apple.product-type.application";
		};
		630D2A6420337112009BF841 /* Storybook-iOSTests */ = {
			isa = PBXNativeTarget;
			buildConfigurationList = 630D2A7C20337112009BF841 /* Build configuration list for PBXNativeTarget "Storybook-iOSTests" */;
			buildPhases = (
				630D2A6120337112009BF841 /* Sources */,
				630D2A6220337112009BF841 /* Frameworks */,
				630D2A6320337112009BF841 /* Resources */,
			);
			buildRules = (
			);
			dependencies = (
				630D2A6720337112009BF841 /* PBXTargetDependency */,
			);
			name = "Storybook-iOSTests";
			productName = "Storybook-iOSTests";
			productReference = 630D2A6520337112009BF841 /* Storybook-iOSTests.xctest */;
			productType = "com.apple.product-type.bundle.unit-test";
		};
		630D2A6F20337112009BF841 /* Storybook-iOSUITests */ = {
			isa = PBXNativeTarget;
			buildConfigurationList = 630D2A7F20337112009BF841 /* Build configuration list for PBXNativeTarget "Storybook-iOSUITests" */;
			buildPhases = (
				630D2A6C20337112009BF841 /* Sources */,
				630D2A6D20337112009BF841 /* Frameworks */,
				630D2A6E20337112009BF841 /* Resources */,
			);
			buildRules = (
			);
			dependencies = (
				630D2A7220337112009BF841 /* PBXTargetDependency */,
			);
			name = "Storybook-iOSUITests";
			productName = "Storybook-iOSUITests";
			productReference = 630D2A7020337112009BF841 /* Storybook-iOSUITests.xctest */;
			productType = "com.apple.product-type.bundle.ui-testing";
		};
/* End PBXNativeTarget section */

/* Begin PBXProject section */
		630D2A4620337112009BF841 /* Project object */ = {
			isa = PBXProject;
			attributes = {
				LastSwiftUpdateCheck = 0920;
				LastUpgradeCheck = 0920;
				ORGANIZATIONNAME = "Cody Li";
				TargetAttributes = {
					630D2A4D20337112009BF841 = {
						CreatedOnToolsVersion = 9.2;
						ProvisioningStyle = Automatic;
					};
					630D2A6420337112009BF841 = {
						CreatedOnToolsVersion = 9.2;
						ProvisioningStyle = Automatic;
						TestTargetID = 630D2A4D20337112009BF841;
					};
					630D2A6F20337112009BF841 = {
						CreatedOnToolsVersion = 9.2;
						ProvisioningStyle = Automatic;
						TestTargetID = 630D2A4D20337112009BF841;
					};
				};
			};
			buildConfigurationList = 630D2A4920337112009BF841 /* Build configuration list for PBXProject "Storybook-iOS" */;
			compatibilityVersion = "Xcode 8.0";
			developmentRegion = en;
			hasScannedForEncodings = 0;
			knownRegions = (
				en,
				Base,
			);
			mainGroup = 630D2A4520337112009BF841;
			productRefGroup = 630D2A4F20337112009BF841 /* Products */;
			projectDirPath = "";
			projectRoot = "";
			targets = (
				630D2A4D20337112009BF841 /* Storybook-iOS */,
				630D2A6420337112009BF841 /* Storybook-iOSTests */,
				630D2A6F20337112009BF841 /* Storybook-iOSUITests */,
			);
		};
/* End PBXProject section */

/* Begin PBXResourcesBuildPhase section */
		630D2A4C20337112009BF841 /* Resources */ = {
			isa = PBXResourcesBuildPhase;
			buildActionMask = 2147483647;
			files = (
				630D2A5F20337112009BF841 /* LaunchScreen.storyboard in Resources */,
				630D2A5C20337112009BF841 /* Assets.xcassets in Resources */,
				630D2A5720337112009BF841 /* Main.storyboard in Resources */,
			);
			runOnlyForDeploymentPostprocessing = 0;
		};
		630D2A6320337112009BF841 /* Resources */ = {
			isa = PBXResourcesBuildPhase;
			buildActionMask = 2147483647;
			files = (
			);
			runOnlyForDeploymentPostprocessing = 0;
		};
		630D2A6E20337112009BF841 /* Resources */ = {
			isa = PBXResourcesBuildPhase;
			buildActionMask = 2147483647;
			files = (
			);
			runOnlyForDeploymentPostprocessing = 0;
		};
/* End PBXResourcesBuildPhase section */

/* Begin PBXSourcesBuildPhase section */
		630D2A4A20337112009BF841 /* Sources */ = {
			isa = PBXSourcesBuildPhase;
			buildActionMask = 2147483647;
			files = (
				630D2A5A20337112009BF841 /* Storybook_iOS.xcdatamodeld in Sources */,
				630D2A5420337112009BF841 /* ViewController.swift in Sources */,
				630D2A5220337112009BF841 /* AppDelegate.swift in Sources */,
				63199F23204F24C5006A1891 /* SettingsViewController.swift in Sources */,
			);
			runOnlyForDeploymentPostprocessing = 0;
		};
		630D2A6120337112009BF841 /* Sources */ = {
			isa = PBXSourcesBuildPhase;
			buildActionMask = 2147483647;
			files = (
				630D2A6A20337112009BF841 /* Storybook_iOSTests.swift in Sources */,
			);
			runOnlyForDeploymentPostprocessing = 0;
		};
		630D2A6C20337112009BF841 /* Sources */ = {
			isa = PBXSourcesBuildPhase;
			buildActionMask = 2147483647;
			files = (
				630D2A7520337112009BF841 /* Storybook_iOSUITests.swift in Sources */,
			);
			runOnlyForDeploymentPostprocessing = 0;
		};
/* End PBXSourcesBuildPhase section */

/* Begin PBXTargetDependency section */
		630D2A6720337112009BF841 /* PBXTargetDependency */ = {
			isa = PBXTargetDependency;
			target = 630D2A4D20337112009BF841 /* Storybook-iOS */;
			targetProxy = 630D2A6620337112009BF841 /* PBXContainerItemProxy */;
		};
		630D2A7220337112009BF841 /* PBXTargetDependency */ = {
			isa = PBXTargetDependency;
			target = 630D2A4D20337112009BF841 /* Storybook-iOS */;
			targetProxy = 630D2A7120337112009BF841 /* PBXContainerItemProxy */;
		};
/* End PBXTargetDependency section */

/* Begin PBXVariantGroup section */
		630D2A5520337112009BF841 /* Main.storyboard */ = {
			isa = PBXVariantGroup;
			children = (
				630D2A5620337112009BF841 /* Base */,
			);
			name = Main.storyboard;
			sourceTree = "<group>";
		};
		630D2A5D20337112009BF841 /* LaunchScreen.storyboard */ = {
			isa = PBXVariantGroup;
			children = (
				630D2A5E20337112009BF841 /* Base */,
			);
			name = LaunchScreen.storyboard;
			sourceTree = "<group>";
		};
/* End PBXVariantGroup section */

/* Begin XCBuildConfiguration section */
		630D2A7720337112009BF841 /* Debug */ = {
			isa = XCBuildConfiguration;
			buildSettings = {
				ALWAYS_SEARCH_USER_PATHS = NO;
				CLANG_ANALYZER_NONNULL = YES;
				CLANG_ANALYZER_NUMBER_OBJECT_CONVERSION = YES_AGGRESSIVE;
				CLANG_CXX_LANGUAGE_STANDARD = "gnu++14";
				CLANG_CXX_LIBRARY = "libc++";
				CLANG_ENABLE_MODULES = YES;
				CLANG_ENABLE_OBJC_ARC = YES;
				CLANG_WARN_BLOCK_CAPTURE_AUTORELEASING = YES;
				CLANG_WARN_BOOL_CONVERSION = YES;
				CLANG_WARN_COMMA = YES;
				CLANG_WARN_CONSTANT_CONVERSION = YES;
				CLANG_WARN_DIRECT_OBJC_ISA_USAGE = YES_ERROR;
				CLANG_WARN_DOCUMENTATION_COMMENTS = YES;
				CLANG_WARN_EMPTY_BODY = YES;
				CLANG_WARN_ENUM_CONVERSION = YES;
				CLANG_WARN_INFINITE_RECURSION = YES;
				CLANG_WARN_INT_CONVERSION = YES;
				CLANG_WARN_NON_LITERAL_NULL_CONVERSION = YES;
				CLANG_WARN_OBJC_LITERAL_CONVERSION = YES;
				CLANG_WARN_OBJC_ROOT_CLASS = YES_ERROR;
				CLANG_WARN_RANGE_LOOP_ANALYSIS = YES;
				CLANG_WARN_STRICT_PROTOTYPES = YES;
				CLANG_WARN_SUSPICIOUS_MOVE = YES;
				CLANG_WARN_UNGUARDED_AVAILABILITY = YES_AGGRESSIVE;
				CLANG_WARN_UNREACHABLE_CODE = YES;
				CLANG_WARN__DUPLICATE_METHOD_MATCH = YES;
				CODE_SIGN_IDENTITY = "iPhone Developer";
				COPY_PHASE_STRIP = NO;
				DEBUG_INFORMATION_FORMAT = dwarf;
				ENABLE_STRICT_OBJC_MSGSEND = YES;
				ENABLE_TESTABILITY = YES;
				GCC_C_LANGUAGE_STANDARD = gnu11;
				GCC_DYNAMIC_NO_PIC = NO;
				GCC_NO_COMMON_BLOCKS = YES;
				GCC_OPTIMIZATION_LEVEL = 0;
				GCC_PREPROCESSOR_DEFINITIONS = (
					"DEBUG=1",
					"$(inherited)",
				);
				GCC_WARN_64_TO_32_BIT_CONVERSION = YES;
				GCC_WARN_ABOUT_RETURN_TYPE = YES_ERROR;
				GCC_WARN_UNDECLARED_SELECTOR = YES;
				GCC_WARN_UNINITIALIZED_AUTOS = YES_AGGRESSIVE;
				GCC_WARN_UNUSED_FUNCTION = YES;
				GCC_WARN_UNUSED_VARIABLE = YES;
				IPHONEOS_DEPLOYMENT_TARGET = 11.2;
				MTL_ENABLE_DEBUG_INFO = YES;
				ONLY_ACTIVE_ARCH = YES;
				SDKROOT = iphoneos;
				SWIFT_ACTIVE_COMPILATION_CONDITIONS = DEBUG;
				SWIFT_OPTIMIZATION_LEVEL = "-Onone";
			};
			name = Debug;
		};
		630D2A7820337112009BF841 /* Release */ = {
			isa = XCBuildConfiguration;
			buildSettings = {
				ALWAYS_SEARCH_USER_PATHS = NO;
				CLANG_ANALYZER_NONNULL = YES;
				CLANG_ANALYZER_NUMBER_OBJECT_CONVERSION = YES_AGGRESSIVE;
				CLANG_CXX_LANGUAGE_STANDARD = "gnu++14";
				CLANG_CXX_LIBRARY = "libc++";
				CLANG_ENABLE_MODULES = YES;
				CLANG_ENABLE_OBJC_ARC = YES;
				CLANG_WARN_BLOCK_CAPTURE_AUTORELEASING = YES;
				CLANG_WARN_BOOL_CONVERSION = YES;
				CLANG_WARN_COMMA = YES;
				CLANG_WARN_CONSTANT_CONVERSION = YES;
				CLANG_WARN_DIRECT_OBJC_ISA_USAGE = YES_ERROR;
				CLANG_WARN_DOCUMENTATION_COMMENTS = YES;
				CLANG_WARN_EMPTY_BODY = YES;
				CLANG_WARN_ENUM_CONVERSION = YES;
				CLANG_WARN_INFINITE_RECURSION = YES;
				CLANG_WARN_INT_CONVERSION = YES;
				CLANG_WARN_NON_LITERAL_NULL_CONVERSION = YES;
				CLANG_WARN_OBJC_LITERAL_CONVERSION = YES;
				CLANG_WARN_OBJC_ROOT_CLASS = YES_ERROR;
				CLANG_WARN_RANGE_LOOP_ANALYSIS = YES;
				CLANG_WARN_STRICT_PROTOTYPES = YES;
				CLANG_WARN_SUSPICIOUS_MOVE = YES;
				CLANG_WARN_UNGUARDED_AVAILABILITY = YES_AGGRESSIVE;
				CLANG_WARN_UNREACHABLE_CODE = YES;
				CLANG_WARN__DUPLICATE_METHOD_MATCH = YES;
				CODE_SIGN_IDENTITY = "iPhone Developer";
				COPY_PHASE_STRIP = NO;
				DEBUG_INFORMATION_FORMAT = "dwarf-with-dsym";
				ENABLE_NS_ASSERTIONS = NO;
				ENABLE_STRICT_OBJC_MSGSEND = YES;
				GCC_C_LANGUAGE_STANDARD = gnu11;
				GCC_NO_COMMON_BLOCKS = YES;
				GCC_WARN_64_TO_32_BIT_CONVERSION = YES;
				GCC_WARN_ABOUT_RETURN_TYPE = YES_ERROR;
				GCC_WARN_UNDECLARED_SELECTOR = YES;
				GCC_WARN_UNINITIALIZED_AUTOS = YES_AGGRESSIVE;
				GCC_WARN_UNUSED_FUNCTION = YES;
				GCC_WARN_UNUSED_VARIABLE = YES;
				IPHONEOS_DEPLOYMENT_TARGET = 11.2;
				MTL_ENABLE_DEBUG_INFO = NO;
				SDKROOT = iphoneos;
				SWIFT_OPTIMIZATION_LEVEL = "-Owholemodule";
				VALIDATE_PRODUCT = YES;
			};
			name = Release;
		};
		630D2A7A20337112009BF841 /* Debug */ = {
			isa = XCBuildConfiguration;
			buildSettings = {
				ASSETCATALOG_COMPILER_APPICON_NAME = AppIcon;
				CODE_SIGN_STYLE = Automatic;
				DEVELOPMENT_TEAM = UFU9JELR9E;
				INFOPLIST_FILE = "Storybook-iOS/Info.plist";
				LD_RUNPATH_SEARCH_PATHS = "$(inherited) @executable_path/Frameworks";
				PRODUCT_BUNDLE_IDENTIFIER = "codyli.Storybook-iOS";
				PRODUCT_NAME = "$(TARGET_NAME)";
				SWIFT_VERSION = 4.0;
				TARGETED_DEVICE_FAMILY = "1,2";
			};
			name = Debug;
		};
		630D2A7B20337112009BF841 /* Release */ = {
			isa = XCBuildConfiguration;
			buildSettings = {
				ASSETCATALOG_COMPILER_APPICON_NAME = AppIcon;
				CODE_SIGN_STYLE = Automatic;
				DEVELOPMENT_TEAM = UFU9JELR9E;
				INFOPLIST_FILE = "Storybook-iOS/Info.plist";
				LD_RUNPATH_SEARCH_PATHS = "$(inherited) @executable_path/Frameworks";
				PRODUCT_BUNDLE_IDENTIFIER = "codyli.Storybook-iOS";
				PRODUCT_NAME = "$(TARGET_NAME)";
				SWIFT_VERSION = 4.0;
				TARGETED_DEVICE_FAMILY = "1,2";
			};
			name = Release;
		};
		630D2A7D20337112009BF841 /* Debug */ = {
			isa = XCBuildConfiguration;
			buildSettings = {
				ALWAYS_EMBED_SWIFT_STANDARD_LIBRARIES = YES;
				BUNDLE_LOADER = "$(TEST_HOST)";
				CODE_SIGN_STYLE = Automatic;
				DEVELOPMENT_TEAM = UFU9JELR9E;
				INFOPLIST_FILE = "Storybook-iOSTests/Info.plist";
				LD_RUNPATH_SEARCH_PATHS = "$(inherited) @executable_path/Frameworks @loader_path/Frameworks";
				PRODUCT_BUNDLE_IDENTIFIER = "codyli.Storybook-iOSTests";
				PRODUCT_NAME = "$(TARGET_NAME)";
				SWIFT_VERSION = 4.0;
				TARGETED_DEVICE_FAMILY = "1,2";
				TEST_HOST = "$(BUILT_PRODUCTS_DIR)/Storybook-iOS.app/Storybook-iOS";
			};
			name = Debug;
		};
		630D2A7E20337112009BF841 /* Release */ = {
			isa = XCBuildConfiguration;
			buildSettings = {
				ALWAYS_EMBED_SWIFT_STANDARD_LIBRARIES = YES;
				BUNDLE_LOADER = "$(TEST_HOST)";
				CODE_SIGN_STYLE = Automatic;
				DEVELOPMENT_TEAM = UFU9JELR9E;
				INFOPLIST_FILE = "Storybook-iOSTests/Info.plist";
				LD_RUNPATH_SEARCH_PATHS = "$(inherited) @executable_path/Frameworks @loader_path/Frameworks";
				PRODUCT_BUNDLE_IDENTIFIER = "codyli.Storybook-iOSTests";
				PRODUCT_NAME = "$(TARGET_NAME)";
				SWIFT_VERSION = 4.0;
				TARGETED_DEVICE_FAMILY = "1,2";
				TEST_HOST = "$(BUILT_PRODUCTS_DIR)/Storybook-iOS.app/Storybook-iOS";
			};
			name = Release;
		};
		630D2A8020337112009BF841 /* Debug */ = {
			isa = XCBuildConfiguration;
			buildSettings = {
				ALWAYS_EMBED_SWIFT_STANDARD_LIBRARIES = YES;
				CODE_SIGN_STYLE = Automatic;
				DEVELOPMENT_TEAM = UFU9JELR9E;
				INFOPLIST_FILE = "Storybook-iOSUITests/Info.plist";
				LD_RUNPATH_SEARCH_PATHS = "$(inherited) @executable_path/Frameworks @loader_path/Frameworks";
				PRODUCT_BUNDLE_IDENTIFIER = "codyli.Storybook-iOSUITests";
				PRODUCT_NAME = "$(TARGET_NAME)";
				SWIFT_VERSION = 4.0;
				TARGETED_DEVICE_FAMILY = "1,2";
				TEST_TARGET_NAME = "Storybook-iOS";
			};
			name = Debug;
		};
		630D2A8120337112009BF841 /* Release */ = {
			isa = XCBuildConfiguration;
			buildSettings = {
				ALWAYS_EMBED_SWIFT_STANDARD_LIBRARIES = YES;
				CODE_SIGN_STYLE = Automatic;
				DEVELOPMENT_TEAM = UFU9JELR9E;
				INFOPLIST_FILE = "Storybook-iOSUITests/Info.plist";
				LD_RUNPATH_SEARCH_PATHS = "$(inherited) @executable_path/Frameworks @loader_path/Frameworks";
				PRODUCT_BUNDLE_IDENTIFIER = "codyli.Storybook-iOSUITests";
				PRODUCT_NAME = "$(TARGET_NAME)";
				SWIFT_VERSION = 4.0;
				TARGETED_DEVICE_FAMILY = "1,2";
				TEST_TARGET_NAME = "Storybook-iOS";
			};
			name = Release;
		};
/* End XCBuildConfiguration section */

/* Begin XCConfigurationList section */
		630D2A4920337112009BF841 /* Build configuration list for PBXProject "Storybook-iOS" */ = {
			isa = XCConfigurationList;
			buildConfigurations = (
				630D2A7720337112009BF841 /* Debug */,
				630D2A7820337112009BF841 /* Release */,
			);
			defaultConfigurationIsVisible = 0;
			defaultConfigurationName = Release;
		};
		630D2A7920337112009BF841 /* Build configuration list for PBXNativeTarget "Storybook-iOS" */ = {
			isa = XCConfigurationList;
			buildConfigurations = (
				630D2A7A20337112009BF841 /* Debug */,
				630D2A7B20337112009BF841 /* Release */,
			);
			defaultConfigurationIsVisible = 0;
			defaultConfigurationName = Release;
		};
		630D2A7C20337112009BF841 /* Build configuration list for PBXNativeTarget "Storybook-iOSTests" */ = {
			isa = XCConfigurationList;
			buildConfigurations = (
				630D2A7D20337112009BF841 /* Debug */,
				630D2A7E20337112009BF841 /* Release */,
			);
			defaultConfigurationIsVisible = 0;
			defaultConfigurationName = Release;
		};
		630D2A7F20337112009BF841 /* Build configuration list for PBXNativeTarget "Storybook-iOSUITests" */ = {
			isa = XCConfigurationList;
			buildConfigurations = (
				630D2A8020337112009BF841 /* Debug */,
				630D2A8120337112009BF841 /* Release */,
			);
			defaultConfigurationIsVisible = 0;
			defaultConfigurationName = Release;
		};
/* End XCConfigurationList section */

/* Begin XCVersionGroup section */
		630D2A5820337112009BF841 /* Storybook_iOS.xcdatamodeld */ = {
			isa = XCVersionGroup;
			children = (
				630D2A5920337112009BF841 /* Storybook_iOS.xcdatamodel */,
			);
			currentVersion = 630D2A5920337112009BF841 /* Storybook_iOS.xcdatamodel */;
			path = Storybook_iOS.xcdatamodeld;
			sourceTree = "<group>";
			versionGroupType = wrapper.xcdatamodel;
		};
/* End XCVersionGroup section */
	};
	rootObject = 630D2A4620337112009BF841 /* Project object */;
}
